
Microsoft Visual Studio Solution File, Format Version 12.00
# Visual Studio Version 17
VisualStudioVersion = 17.5.002.0
MinimumVisualStudioVersion = 10.0.40219.1
Project("{9A19103F-16F7-4668-BE54-9A1E7A4F7556}") = "bankApp", "bankApp.csproj", "{477EDFA4-4D2D-4447-A538-9F0C713E666C}"
EndProject
Global
	GlobalSection(SolutionConfigurationPlatforms) = preSolution
		Debug|Any CPU = Debug|Any CPU
		Release|Any CPU = Release|Any CPU
	EndGlobalSection
	GlobalSection(ProjectConfigurationPlatforms) = postSolution
		{477EDFA4-4D2D-4447-A538-9F0C713E666C}.Debug|Any CPU.ActiveCfg = Debug|Any CPU
		{477EDFA4-4D2D-4447-A538-9F0C713E666C}.Debug|Any CPU.Build.0 = Debug|Any CPU
		{477EDFA4-4D2D-4447-A538-9F0C713E666C}.Release|Any CPU.ActiveCfg = Release|Any CPU
		{477EDFA4-4D2D-4447-A538-9F0C713E666C}.Release|Any CPU.Build.0 = Release|Any CPU
	EndGlobalSection
	GlobalSection(SolutionProperties) = preSolution
		HideSolutionNode = FALSE
	EndGlobalSection
	GlobalSection(ExtensibilityGlobals) = postSolution
		SolutionGuid = {A508FE1D-2FB1-4B4E-B6A6-4049B5B7021D}
	EndGlobalSection
EndGlobal
